// !$*UTF8*$!
{
	archiveVersion = 1;
	classes = {
	};
	objectVersion = 55;
	objects = {

/* Begin PBXBuildFile section */
		BE7FCE9128271A8F003F1D60 /* main.cpp in Sources */ = {isa = PBXBuildFile; fileRef = BE7FCE9028271A8F003F1D60 /* main.cpp */; };
		BE7FCE9A28271AA8003F1D60 /* SDL2_image.framework in Frameworks */ = {isa = PBXBuildFile; fileRef = BE7FCE9828271AA8003F1D60 /* SDL2_image.framework */; };
		BE7FCE9B28271AA8003F1D60 /* SDL2.framework in Frameworks */ = {isa = PBXBuildFile; fileRef = BE7FCE9928271AA8003F1D60 /* SDL2.framework */; };
		BE7FCE9F28271AF2003F1D60 /* SDL.cpp in Sources */ = {isa = PBXBuildFile; fileRef = BE7FCE9D28271AF2003F1D60 /* SDL.cpp */; };
		BE7FCEA228271C51003F1D60 /* Log.cpp in Sources */ = {isa = PBXBuildFile; fileRef = BE7FCEA028271C51003F1D60 /* Log.cpp */; };
		BE7FCEA52827B2D3003F1D60 /* Window.cpp in Sources */ = {isa = PBXBuildFile; fileRef = BE7FCEA32827B2D3003F1D60 /* Window.cpp */; };
		BE7FCEA92827B475003F1D60 /* Color.cpp in Sources */ = {isa = PBXBuildFile; fileRef = BE7FCEA72827B475003F1D60 /* Color.cpp */; };
		BE7FCEAC2827B557003F1D60 /* Utils.cpp in Sources */ = {isa = PBXBuildFile; fileRef = BE7FCEAA2827B557003F1D60 /* Utils.cpp */; };
		BE7FCEAF2827B761003F1D60 /* Timer.cpp in Sources */ = {isa = PBXBuildFile; fileRef = BE7FCEAD2827B761003F1D60 /* Timer.cpp */; };
		BE7FCEB22827C79A003F1D60 /* Sprite.cpp in Sources */ = {isa = PBXBuildFile; fileRef = BE7FCEB02827C79A003F1D60 /* Sprite.cpp */; };
		BE7FCEB52827D842003F1D60 /* TimerCounter.cpp in Sources */ = {isa = PBXBuildFile; fileRef = BE7FCEB32827D842003F1D60 /* TimerCounter.cpp */; };
		BE7FCEBC2827DBE2003F1D60 /* Game.cpp in Sources */ = {isa = PBXBuildFile; fileRef = BE7FCEBA2827DBE2003F1D60 /* Game.cpp */; };
		BE7FCEBF2827DDFD003F1D60 /* TileManager.cpp in Sources */ = {isa = PBXBuildFile; fileRef = BE7FCEBD2827DDFD003F1D60 /* TileManager.cpp */; };
		BE7FCEC22827DE0C003F1D60 /* Tile.cpp in Sources */ = {isa = PBXBuildFile; fileRef = BE7FCEC02827DE0C003F1D60 /* Tile.cpp */; };
		BE7FCEC52827DE4B003F1D60 /* DamageableObject.cpp in Sources */ = {isa = PBXBuildFile; fileRef = BE7FCEC32827DE4B003F1D60 /* DamageableObject.cpp */; };
		BE7FCEC82827E23A003F1D60 /* GameObject.cpp in Sources */ = {isa = PBXBuildFile; fileRef = BE7FCEC62827E23A003F1D60 /* GameObject.cpp */; };
		BE7FCECB2827E3E0003F1D60 /* MoveableObject.cpp in Sources */ = {isa = PBXBuildFile; fileRef = BE7FCEC92827E3E0003F1D60 /* MoveableObject.cpp */; };
		BE7FCECE2827F66C003F1D60 /* MazeSolver.cpp in Sources */ = {isa = PBXBuildFile; fileRef = BE7FCECC2827F66C003F1D60 /* MazeSolver.cpp */; };
		BE7FCED12827FE7E003F1D60 /* Tank.cpp in Sources */ = {isa = PBXBuildFile; fileRef = BE7FCECF2827FE7E003F1D60 /* Tank.cpp */; };
		BEA629EC282804FF00DC2E97 /* LightTank.cpp in Sources */ = {isa = PBXBuildFile; fileRef = BEA629EA282804FF00DC2E97 /* LightTank.cpp */; };
		BEA629EF2828050C00DC2E97 /* MediumTank.cpp in Sources */ = {isa = PBXBuildFile; fileRef = BEA629ED2828050C00DC2E97 /* MediumTank.cpp */; };
		BEA629F22828051500DC2E97 /* HeavyTank.cpp in Sources */ = {isa = PBXBuildFile; fileRef = BEA629F02828051500DC2E97 /* HeavyTank.cpp */; };
		BEA629F528280EA400DC2E97 /* TankManager.cpp in Sources */ = {isa = PBXBuildFile; fileRef = BEA629F328280EA400DC2E97 /* TankManager.cpp */; };
		BEA629F828281B4900DC2E97 /* Button.cpp in Sources */ = {isa = PBXBuildFile; fileRef = BEA629F628281B4900DC2E97 /* Button.cpp */; };
		BEA629FB28281E5800DC2E97 /* TileTurret.cpp in Sources */ = {isa = PBXBuildFile; fileRef = BEA629F928281E5800DC2E97 /* TileTurret.cpp */; };
		BEA629FE2828230500DC2E97 /* ButtonManager.cpp in Sources */ = {isa = PBXBuildFile; fileRef = BEA629FC2828230500DC2E97 /* ButtonManager.cpp */; };
		BEA62A01282831E100DC2E97 /* Turret.cpp in Sources */ = {isa = PBXBuildFile; fileRef = BEA629FF282831E100DC2E97 /* Turret.cpp */; };
		BEA62A042828327900DC2E97 /* ShootableObject.cpp in Sources */ = {isa = PBXBuildFile; fileRef = BEA62A022828327900DC2E97 /* ShootableObject.cpp */; };
		BEA62A07282834AF00DC2E97 /* Firebird.cpp in Sources */ = {isa = PBXBuildFile; fileRef = BEA62A05282834AF00DC2E97 /* Firebird.cpp */; };
		BEA62A0A282834B900DC2E97 /* Freeze.cpp in Sources */ = {isa = PBXBuildFile; fileRef = BEA62A08282834B900DC2E97 /* Freeze.cpp */; };
		BEA62A0D282834C100DC2E97 /* Smoky.cpp in Sources */ = {isa = PBXBuildFile; fileRef = BEA62A0B282834C100DC2E97 /* Smoky.cpp */; };
		BEA62A102828351000DC2E97 /* TurretManager.cpp in Sources */ = {isa = PBXBuildFile; fileRef = BEA62A0E2828351000DC2E97 /* TurretManager.cpp */; };
		BEAEE6762835840C00E41BDB /* Config.cpp in Sources */ = {isa = PBXBuildFile; fileRef = BEAEE6742835840C00E41BDB /* Config.cpp */; };
		BEDEEC26282E3F9D00D2D00E /* ParticleSystem.cpp in Sources */ = {isa = PBXBuildFile; fileRef = BEDEEC24282E3F9D00D2D00E /* ParticleSystem.cpp */; };
		BEDEEC29282E415300D2D00E /* ParticleFire.cpp in Sources */ = {isa = PBXBuildFile; fileRef = BEDEEC27282E415300D2D00E /* ParticleFire.cpp */; };
		BEDEEC2C282E8E8200D2D00E /* ParticleFreeze.cpp in Sources */ = {isa = PBXBuildFile; fileRef = BEDEEC2A282E8E8200D2D00E /* ParticleFreeze.cpp */; };
		BEDEEC2F282E925400D2D00E /* ParticleEffect.cpp in Sources */ = {isa = PBXBuildFile; fileRef = BEDEEC2D282E925400D2D00E /* ParticleEffect.cpp */; };
		BEDEEC31282E989A00D2D00E /* ParticleTankExplosion.cpp in Sources */ = {isa = PBXBuildFile; fileRef = BEDEEC30282E989A00D2D00E /* ParticleTankExplosion.cpp */; };
		BEDEEC34282EA16E00D2D00E /* ParticleShotExplosion.cpp in Sources */ = {isa = PBXBuildFile; fileRef = BEDEEC32282EA16E00D2D00E /* ParticleShotExplosion.cpp */; };
		BEDEEC36282EA47400D2D00E /* ParticleShotSmoke.cpp in Sources */ = {isa = PBXBuildFile; fileRef = BEDEEC35282EA47400D2D00E /* ParticleShotSmoke.cpp */; };
		BEDEEC38282EAA7800D2D00E /* Heart.cpp in Sources */ = {isa = PBXBuildFile; fileRef = BEDEEC37282EAA7800D2D00E /* Heart.cpp */; };
		BEDEEC3A282EABE500D2D00E /* Coin.cpp in Sources */ = {isa = PBXBuildFile; fileRef = BEDEEC39282EABE500D2D00E /* Coin.cpp */; };
		BEDEEC40282EF90900D2D00E /* TabManager.cpp in Sources */ = {isa = PBXBuildFile; fileRef = BEDEEC3E282EF90900D2D00E /* TabManager.cpp */; };
		BEDEEC43282EFCF900D2D00E /* Player.cpp in Sources */ = {isa = PBXBuildFile; fileRef = BEDEEC42282EFCF900D2D00E /* Player.cpp */; };
/* End PBXBuildFile section */

/* Begin PBXCopyFilesBuildPhase section */
		BE7FCE8B28271A8F003F1D60 /* CopyFiles */ = {
			isa = PBXCopyFilesBuildPhase;
			buildActionMask = 2147483647;
			dstPath = /usr/share/man/man1/;
			dstSubfolderSpec = 0;
			files = (
			);
			runOnlyForDeploymentPostprocessing = 1;
		};
/* End PBXCopyFilesBuildPhase section */

/* Begin PBXFileReference section */
		BE7FCE8D28271A8F003F1D60 /* SDL2-TowerDefense */ = {isa = PBXFileReference; explicitFileType = "compiled.mach-o.executable"; includeInIndex = 0; path = "SDL2-TowerDefense"; sourceTree = BUILT_PRODUCTS_DIR; };
		BE7FCE9028271A8F003F1D60 /* main.cpp */ = {isa = PBXFileReference; lastKnownFileType = sourcecode.cpp.cpp; path = main.cpp; sourceTree = "<group>"; };
		BE7FCE9828271AA8003F1D60 /* SDL2_image.framework */ = {isa = PBXFileReference; lastKnownFileType = wrapper.framework; name = SDL2_image.framework; path = ../../../../../Library/Frameworks/SDL2_image.framework; sourceTree = "<group>"; };
		BE7FCE9928271AA8003F1D60 /* SDL2.framework */ = {isa = PBXFileReference; lastKnownFileType = wrapper.framework; name = SDL2.framework; path = ../../../../../Library/Frameworks/SDL2.framework; sourceTree = "<group>"; };
		BE7FCE9D28271AF2003F1D60 /* SDL.cpp */ = {isa = PBXFileReference; lastKnownFileType = sourcecode.cpp.cpp; path = SDL.cpp; sourceTree = "<group>"; };
		BE7FCE9E28271AF2003F1D60 /* SDL.hpp */ = {isa = PBXFileReference; lastKnownFileType = sourcecode.cpp.h; path = SDL.hpp; sourceTree = "<group>"; };
		BE7FCEA028271C51003F1D60 /* Log.cpp */ = {isa = PBXFileReference; lastKnownFileType = sourcecode.cpp.cpp; path = Log.cpp; sourceTree = "<group>"; };
		BE7FCEA128271C51003F1D60 /* Log.hpp */ = {isa = PBXFileReference; lastKnownFileType = sourcecode.cpp.h; path = Log.hpp; sourceTree = "<group>"; };
		BE7FCEA32827B2D3003F1D60 /* Window.cpp */ = {isa = PBXFileReference; lastKnownFileType = sourcecode.cpp.cpp; path = Window.cpp; sourceTree = "<group>"; };
		BE7FCEA42827B2D3003F1D60 /* Window.hpp */ = {isa = PBXFileReference; lastKnownFileType = sourcecode.cpp.h; path = Window.hpp; sourceTree = "<group>"; };
		BE7FCEA72827B475003F1D60 /* Color.cpp */ = {isa = PBXFileReference; lastKnownFileType = sourcecode.cpp.cpp; path = Color.cpp; sourceTree = "<group>"; };
		BE7FCEA82827B475003F1D60 /* Color.hpp */ = {isa = PBXFileReference; lastKnownFileType = sourcecode.cpp.h; path = Color.hpp; sourceTree = "<group>"; };
		BE7FCEAA2827B557003F1D60 /* Utils.cpp */ = {isa = PBXFileReference; lastKnownFileType = sourcecode.cpp.cpp; path = Utils.cpp; sourceTree = "<group>"; };
		BE7FCEAB2827B557003F1D60 /* Utils.hpp */ = {isa = PBXFileReference; lastKnownFileType = sourcecode.cpp.h; path = Utils.hpp; sourceTree = "<group>"; };
		BE7FCEAD2827B761003F1D60 /* Timer.cpp */ = {isa = PBXFileReference; lastKnownFileType = sourcecode.cpp.cpp; path = Timer.cpp; sourceTree = "<group>"; };
		BE7FCEAE2827B761003F1D60 /* Timer.hpp */ = {isa = PBXFileReference; lastKnownFileType = sourcecode.cpp.h; path = Timer.hpp; sourceTree = "<group>"; };
		BE7FCEB02827C79A003F1D60 /* Sprite.cpp */ = {isa = PBXFileReference; lastKnownFileType = sourcecode.cpp.cpp; path = Sprite.cpp; sourceTree = "<group>"; };
		BE7FCEB12827C79A003F1D60 /* Sprite.hpp */ = {isa = PBXFileReference; lastKnownFileType = sourcecode.cpp.h; path = Sprite.hpp; sourceTree = "<group>"; };
		BE7FCEB32827D842003F1D60 /* TimerCounter.cpp */ = {isa = PBXFileReference; lastKnownFileType = sourcecode.cpp.cpp; path = TimerCounter.cpp; sourceTree = "<group>"; };
		BE7FCEB42827D842003F1D60 /* TimerCounter.hpp */ = {isa = PBXFileReference; lastKnownFileType = sourcecode.cpp.h; path = TimerCounter.hpp; sourceTree = "<group>"; };
		BE7FCEBA2827DBE2003F1D60 /* Game.cpp */ = {isa = PBXFileReference; lastKnownFileType = sourcecode.cpp.cpp; path = Game.cpp; sourceTree = "<group>"; };
		BE7FCEBB2827DBE2003F1D60 /* Game.hpp */ = {isa = PBXFileReference; lastKnownFileType = sourcecode.cpp.h; path = Game.hpp; sourceTree = "<group>"; };
		BE7FCEBD2827DDFD003F1D60 /* TileManager.cpp */ = {isa = PBXFileReference; lastKnownFileType = sourcecode.cpp.cpp; path = TileManager.cpp; sourceTree = "<group>"; };
		BE7FCEBE2827DDFD003F1D60 /* TileManager.hpp */ = {isa = PBXFileReference; lastKnownFileType = sourcecode.cpp.h; path = TileManager.hpp; sourceTree = "<group>"; };
		BE7FCEC02827DE0C003F1D60 /* Tile.cpp */ = {isa = PBXFileReference; lastKnownFileType = sourcecode.cpp.cpp; path = Tile.cpp; sourceTree = "<group>"; };
		BE7FCEC12827DE0C003F1D60 /* Tile.hpp */ = {isa = PBXFileReference; lastKnownFileType = sourcecode.cpp.h; path = Tile.hpp; sourceTree = "<group>"; };
		BE7FCEC32827DE4B003F1D60 /* DamageableObject.cpp */ = {isa = PBXFileReference; lastKnownFileType = sourcecode.cpp.cpp; path = DamageableObject.cpp; sourceTree = "<group>"; };
		BE7FCEC42827DE4B003F1D60 /* DamageableObject.hpp */ = {isa = PBXFileReference; lastKnownFileType = sourcecode.cpp.h; path = DamageableObject.hpp; sourceTree = "<group>"; };
		BE7FCEC62827E23A003F1D60 /* GameObject.cpp */ = {isa = PBXFileReference; lastKnownFileType = sourcecode.cpp.cpp; path = GameObject.cpp; sourceTree = "<group>"; };
		BE7FCEC72827E23A003F1D60 /* GameObject.hpp */ = {isa = PBXFileReference; lastKnownFileType = sourcecode.cpp.h; path = GameObject.hpp; sourceTree = "<group>"; };
		BE7FCEC92827E3E0003F1D60 /* MoveableObject.cpp */ = {isa = PBXFileReference; lastKnownFileType = sourcecode.cpp.cpp; path = MoveableObject.cpp; sourceTree = "<group>"; };
		BE7FCECA2827E3E0003F1D60 /* MoveableObject.hpp */ = {isa = PBXFileReference; lastKnownFileType = sourcecode.cpp.h; path = MoveableObject.hpp; sourceTree = "<group>"; };
		BE7FCECC2827F66C003F1D60 /* MazeSolver.cpp */ = {isa = PBXFileReference; lastKnownFileType = sourcecode.cpp.cpp; path = MazeSolver.cpp; sourceTree = "<group>"; };
		BE7FCECD2827F66C003F1D60 /* MazeSolver.hpp */ = {isa = PBXFileReference; lastKnownFileType = sourcecode.cpp.h; path = MazeSolver.hpp; sourceTree = "<group>"; };
		BE7FCECF2827FE7E003F1D60 /* Tank.cpp */ = {isa = PBXFileReference; lastKnownFileType = sourcecode.cpp.cpp; path = Tank.cpp; sourceTree = "<group>"; };
		BE7FCED02827FE7E003F1D60 /* Tank.hpp */ = {isa = PBXFileReference; lastKnownFileType = sourcecode.cpp.h; path = Tank.hpp; sourceTree = "<group>"; };
		BEA629EA282804FF00DC2E97 /* LightTank.cpp */ = {isa = PBXFileReference; lastKnownFileType = sourcecode.cpp.cpp; path = LightTank.cpp; sourceTree = "<group>"; };
		BEA629EB282804FF00DC2E97 /* LightTank.hpp */ = {isa = PBXFileReference; lastKnownFileType = sourcecode.cpp.h; path = LightTank.hpp; sourceTree = "<group>"; };
		BEA629ED2828050C00DC2E97 /* MediumTank.cpp */ = {isa = PBXFileReference; lastKnownFileType = sourcecode.cpp.cpp; path = MediumTank.cpp; sourceTree = "<group>"; };
		BEA629EE2828050C00DC2E97 /* MediumTank.hpp */ = {isa = PBXFileReference; lastKnownFileType = sourcecode.cpp.h; path = MediumTank.hpp; sourceTree = "<group>"; };
		BEA629F02828051500DC2E97 /* HeavyTank.cpp */ = {isa = PBXFileReference; lastKnownFileType = sourcecode.cpp.cpp; path = HeavyTank.cpp; sourceTree = "<group>"; };
		BEA629F12828051500DC2E97 /* HeavyTank.hpp */ = {isa = PBXFileReference; lastKnownFileType = sourcecode.cpp.h; path = HeavyTank.hpp; sourceTree = "<group>"; };
		BEA629F328280EA400DC2E97 /* TankManager.cpp */ = {isa = PBXFileReference; lastKnownFileType = sourcecode.cpp.cpp; path = TankManager.cpp; sourceTree = "<group>"; };
		BEA629F428280EA400DC2E97 /* TankManager.hpp */ = {isa = PBXFileReference; lastKnownFileType = sourcecode.cpp.h; path = TankManager.hpp; sourceTree = "<group>"; };
		BEA629F628281B4900DC2E97 /* Button.cpp */ = {isa = PBXFileReference; lastKnownFileType = sourcecode.cpp.cpp; path = Button.cpp; sourceTree = "<group>"; };
		BEA629F728281B4900DC2E97 /* Button.hpp */ = {isa = PBXFileReference; lastKnownFileType = sourcecode.cpp.h; path = Button.hpp; sourceTree = "<group>"; };
		BEA629F928281E5800DC2E97 /* TileTurret.cpp */ = {isa = PBXFileReference; lastKnownFileType = sourcecode.cpp.cpp; path = TileTurret.cpp; sourceTree = "<group>"; };
		BEA629FA28281E5800DC2E97 /* TileTurret.hpp */ = {isa = PBXFileReference; lastKnownFileType = sourcecode.cpp.h; path = TileTurret.hpp; sourceTree = "<group>"; };
		BEA629FC2828230500DC2E97 /* ButtonManager.cpp */ = {isa = PBXFileReference; lastKnownFileType = sourcecode.cpp.cpp; path = ButtonManager.cpp; sourceTree = "<group>"; };
		BEA629FD2828230500DC2E97 /* ButtonManager.hpp */ = {isa = PBXFileReference; lastKnownFileType = sourcecode.cpp.h; path = ButtonManager.hpp; sourceTree = "<group>"; };
		BEA629FF282831E100DC2E97 /* Turret.cpp */ = {isa = PBXFileReference; lastKnownFileType = sourcecode.cpp.cpp; path = Turret.cpp; sourceTree = "<group>"; };
		BEA62A00282831E100DC2E97 /* Turret.hpp */ = {isa = PBXFileReference; lastKnownFileType = sourcecode.cpp.h; path = Turret.hpp; sourceTree = "<group>"; };
		BEA62A022828327900DC2E97 /* ShootableObject.cpp */ = {isa = PBXFileReference; lastKnownFileType = sourcecode.cpp.cpp; path = ShootableObject.cpp; sourceTree = "<group>"; };
		BEA62A032828327900DC2E97 /* ShootableObject.hpp */ = {isa = PBXFileReference; lastKnownFileType = sourcecode.cpp.h; path = ShootableObject.hpp; sourceTree = "<group>"; };
		BEA62A05282834AF00DC2E97 /* Firebird.cpp */ = {isa = PBXFileReference; lastKnownFileType = sourcecode.cpp.cpp; path = Firebird.cpp; sourceTree = "<group>"; };
		BEA62A06282834AF00DC2E97 /* Firebird.hpp */ = {isa = PBXFileReference; lastKnownFileType = sourcecode.cpp.h; path = Firebird.hpp; sourceTree = "<group>"; };
		BEA62A08282834B900DC2E97 /* Freeze.cpp */ = {isa = PBXFileReference; lastKnownFileType = sourcecode.cpp.cpp; path = Freeze.cpp; sourceTree = "<group>"; };
		BEA62A09282834B900DC2E97 /* Freeze.hpp */ = {isa = PBXFileReference; lastKnownFileType = sourcecode.cpp.h; path = Freeze.hpp; sourceTree = "<group>"; };
		BEA62A0B282834C100DC2E97 /* Smoky.cpp */ = {isa = PBXFileReference; lastKnownFileType = sourcecode.cpp.cpp; path = Smoky.cpp; sourceTree = "<group>"; };
		BEA62A0C282834C100DC2E97 /* Smoky.hpp */ = {isa = PBXFileReference; lastKnownFileType = sourcecode.cpp.h; path = Smoky.hpp; sourceTree = "<group>"; };
		BEA62A0E2828351000DC2E97 /* TurretManager.cpp */ = {isa = PBXFileReference; lastKnownFileType = sourcecode.cpp.cpp; path = TurretManager.cpp; sourceTree = "<group>"; };
		BEA62A0F2828351000DC2E97 /* TurretManager.hpp */ = {isa = PBXFileReference; lastKnownFileType = sourcecode.cpp.h; path = TurretManager.hpp; sourceTree = "<group>"; };
		BEAEE6742835840C00E41BDB /* Config.cpp */ = {isa = PBXFileReference; lastKnownFileType = sourcecode.cpp.cpp; path = Config.cpp; sourceTree = "<group>"; };
		BEAEE6752835840C00E41BDB /* Config.hpp */ = {isa = PBXFileReference; lastKnownFileType = sourcecode.cpp.h; path = Config.hpp; sourceTree = "<group>"; };
		BEDEEC24282E3F9D00D2D00E /* ParticleSystem.cpp */ = {isa = PBXFileReference; lastKnownFileType = sourcecode.cpp.cpp; path = ParticleSystem.cpp; sourceTree = "<group>"; };
		BEDEEC25282E3F9D00D2D00E /* ParticleSystem.hpp */ = {isa = PBXFileReference; lastKnownFileType = sourcecode.cpp.h; path = ParticleSystem.hpp; sourceTree = "<group>"; };
		BEDEEC27282E415300D2D00E /* ParticleFire.cpp */ = {isa = PBXFileReference; lastKnownFileType = sourcecode.cpp.cpp; path = ParticleFire.cpp; sourceTree = "<group>"; };
		BEDEEC2A282E8E8200D2D00E /* ParticleFreeze.cpp */ = {isa = PBXFileReference; lastKnownFileType = sourcecode.cpp.cpp; path = ParticleFreeze.cpp; sourceTree = "<group>"; };
		BEDEEC2D282E925400D2D00E /* ParticleEffect.cpp */ = {isa = PBXFileReference; lastKnownFileType = sourcecode.cpp.cpp; path = ParticleEffect.cpp; sourceTree = "<group>"; };
		BEDEEC2E282E925400D2D00E /* ParticleEffect.hpp */ = {isa = PBXFileReference; lastKnownFileType = sourcecode.cpp.h; path = ParticleEffect.hpp; sourceTree = "<group>"; };
		BEDEEC30282E989A00D2D00E /* ParticleTankExplosion.cpp */ = {isa = PBXFileReference; lastKnownFileType = sourcecode.cpp.cpp; path = ParticleTankExplosion.cpp; sourceTree = "<group>"; };
		BEDEEC32282EA16E00D2D00E /* ParticleShotExplosion.cpp */ = {isa = PBXFileReference; lastKnownFileType = sourcecode.cpp.cpp; path = ParticleShotExplosion.cpp; sourceTree = "<group>"; };
		BEDEEC35282EA47400D2D00E /* ParticleShotSmoke.cpp */ = {isa = PBXFileReference; lastKnownFileType = sourcecode.cpp.cpp; path = ParticleShotSmoke.cpp; sourceTree = "<group>"; };
		BEDEEC37282EAA7800D2D00E /* Heart.cpp */ = {isa = PBXFileReference; lastKnownFileType = sourcecode.cpp.cpp; path = Heart.cpp; sourceTree = "<group>"; };
		BEDEEC39282EABE500D2D00E /* Coin.cpp */ = {isa = PBXFileReference; lastKnownFileType = sourcecode.cpp.cpp; path = Coin.cpp; sourceTree = "<group>"; };
		BEDEEC3E282EF90900D2D00E /* TabManager.cpp */ = {isa = PBXFileReference; lastKnownFileType = sourcecode.cpp.cpp; path = TabManager.cpp; sourceTree = "<group>"; };
		BEDEEC3F282EF90900D2D00E /* TabManager.hpp */ = {isa = PBXFileReference; lastKnownFileType = sourcecode.cpp.h; path = TabManager.hpp; sourceTree = "<group>"; };
		BEDEEC41282EFA9E00D2D00E /* Player.hpp */ = {isa = PBXFileReference; lastKnownFileType = sourcecode.cpp.h; path = Player.hpp; sourceTree = "<group>"; };
		BEDEEC42282EFCF900D2D00E /* Player.cpp */ = {isa = PBXFileReference; lastKnownFileType = sourcecode.cpp.cpp; path = Player.cpp; sourceTree = "<group>"; };
/* End PBXFileReference section */

/* Begin PBXFrameworksBuildPhase section */
		BE7FCE8A28271A8F003F1D60 /* Frameworks */ = {
			isa = PBXFrameworksBuildPhase;
			buildActionMask = 2147483647;
			files = (
				BE7FCE9A28271AA8003F1D60 /* SDL2_image.framework in Frameworks */,
				BE7FCE9B28271AA8003F1D60 /* SDL2.framework in Frameworks */,
			);
			runOnlyForDeploymentPostprocessing = 0;
		};
/* End PBXFrameworksBuildPhase section */

/* Begin PBXGroup section */
		BE7FCE8428271A8F003F1D60 = {
			isa = PBXGroup;
			children = (
				BE7FCE8F28271A8F003F1D60 /* src */,
				BE7FCE8E28271A8F003F1D60 /* Products */,
				BE7FCE9728271AA8003F1D60 /* Frameworks */,
			);
			sourceTree = "<group>";
		};
		BE7FCE8E28271A8F003F1D60 /* Products */ = {
			isa = PBXGroup;
			children = (
				BE7FCE8D28271A8F003F1D60 /* SDL2-TowerDefense */,
			);
			name = Products;
			sourceTree = "<group>";
		};
		BE7FCE8F28271A8F003F1D60 /* src */ = {
			isa = PBXGroup;
			children = (
				BE7FCE9028271A8F003F1D60 /* main.cpp */,
				BE7FCE9E28271AF2003F1D60 /* SDL.hpp */,
				BE7FCE9D28271AF2003F1D60 /* SDL.cpp */,
				BE7FCEA028271C51003F1D60 /* Log.cpp */,
				BE7FCEA128271C51003F1D60 /* Log.hpp */,
				BE7FCEA32827B2D3003F1D60 /* Window.cpp */,
				BE7FCEA42827B2D3003F1D60 /* Window.hpp */,
				BE7FCEA72827B475003F1D60 /* Color.cpp */,
				BE7FCEA82827B475003F1D60 /* Color.hpp */,
				BE7FCEAA2827B557003F1D60 /* Utils.cpp */,
				BE7FCEAB2827B557003F1D60 /* Utils.hpp */,
				BE7FCEAD2827B761003F1D60 /* Timer.cpp */,
				BE7FCEAE2827B761003F1D60 /* Timer.hpp */,
				BE7FCEB32827D842003F1D60 /* TimerCounter.cpp */,
				BE7FCEB42827D842003F1D60 /* TimerCounter.hpp */,
				BE7FCEB02827C79A003F1D60 /* Sprite.cpp */,
				BE7FCEB12827C79A003F1D60 /* Sprite.hpp */,
				BE7FCEBA2827DBE2003F1D60 /* Game.cpp */,
				BE7FCEBB2827DBE2003F1D60 /* Game.hpp */,
				BE7FCEBD2827DDFD003F1D60 /* TileManager.cpp */,
				BE7FCEBE2827DDFD003F1D60 /* TileManager.hpp */,
				BE7FCEC02827DE0C003F1D60 /* Tile.cpp */,
				BE7FCEC12827DE0C003F1D60 /* Tile.hpp */,
				BE7FCEC32827DE4B003F1D60 /* DamageableObject.cpp */,
				BE7FCEC42827DE4B003F1D60 /* DamageableObject.hpp */,
				BE7FCEC62827E23A003F1D60 /* GameObject.cpp */,
				BE7FCEC72827E23A003F1D60 /* GameObject.hpp */,
				BE7FCEC92827E3E0003F1D60 /* MoveableObject.cpp */,
				BE7FCECA2827E3E0003F1D60 /* MoveableObject.hpp */,
				BE7FCECC2827F66C003F1D60 /* MazeSolver.cpp */,
				BE7FCECD2827F66C003F1D60 /* MazeSolver.hpp */,
				BE7FCECF2827FE7E003F1D60 /* Tank.cpp */,
				BE7FCED02827FE7E003F1D60 /* Tank.hpp */,
				BEA629EA282804FF00DC2E97 /* LightTank.cpp */,
				BEA629EB282804FF00DC2E97 /* LightTank.hpp */,
				BEA629ED2828050C00DC2E97 /* MediumTank.cpp */,
				BEA629EE2828050C00DC2E97 /* MediumTank.hpp */,
				BEA629F02828051500DC2E97 /* HeavyTank.cpp */,
				BEA629F12828051500DC2E97 /* HeavyTank.hpp */,
				BEA629F328280EA400DC2E97 /* TankManager.cpp */,
				BEA629F428280EA400DC2E97 /* TankManager.hpp */,
				BEA629F628281B4900DC2E97 /* Button.cpp */,
				BEA629F728281B4900DC2E97 /* Button.hpp */,
				BEA629F928281E5800DC2E97 /* TileTurret.cpp */,
				BEA629FA28281E5800DC2E97 /* TileTurret.hpp */,
				BEA629FC2828230500DC2E97 /* ButtonManager.cpp */,
				BEA629FD2828230500DC2E97 /* ButtonManager.hpp */,
				BEA62A022828327900DC2E97 /* ShootableObject.cpp */,
				BEA62A032828327900DC2E97 /* ShootableObject.hpp */,
				BEA629FF282831E100DC2E97 /* Turret.cpp */,
				BEA62A00282831E100DC2E97 /* Turret.hpp */,
				BEA62A05282834AF00DC2E97 /* Firebird.cpp */,
				BEA62A06282834AF00DC2E97 /* Firebird.hpp */,
				BEA62A08282834B900DC2E97 /* Freeze.cpp */,
				BEA62A09282834B900DC2E97 /* Freeze.hpp */,
				BEA62A0B282834C100DC2E97 /* Smoky.cpp */,
				BEA62A0C282834C100DC2E97 /* Smoky.hpp */,
				BEA62A0E2828351000DC2E97 /* TurretManager.cpp */,
				BEA62A0F2828351000DC2E97 /* TurretManager.hpp */,
				BEDEEC24282E3F9D00D2D00E /* ParticleSystem.cpp */,
				BEDEEC25282E3F9D00D2D00E /* ParticleSystem.hpp */,
				BEDEEC2D282E925400D2D00E /* ParticleEffect.cpp */,
				BEDEEC2E282E925400D2D00E /* ParticleEffect.hpp */,
				BEDEEC27282E415300D2D00E /* ParticleFire.cpp */,
				BEDEEC2A282E8E8200D2D00E /* ParticleFreeze.cpp */,
				BEDEEC30282E989A00D2D00E /* ParticleTankExplosion.cpp */,
				BEDEEC32282EA16E00D2D00E /* ParticleShotExplosion.cpp */,
				BEDEEC35282EA47400D2D00E /* ParticleShotSmoke.cpp */,
				BEDEEC37282EAA7800D2D00E /* Heart.cpp */,
				BEDEEC39282EABE500D2D00E /* Coin.cpp */,
				BEDEEC3E282EF90900D2D00E /* TabManager.cpp */,
				BEDEEC3F282EF90900D2D00E /* TabManager.hpp */,
				BEDEEC41282EFA9E00D2D00E /* Player.hpp */,
				BEDEEC42282EFCF900D2D00E /* Player.cpp */,
				BEAEE6742835840C00E41BDB /* Config.cpp */,
				BEAEE6752835840C00E41BDB /* Config.hpp */,
			);
			path = src;
			sourceTree = "<group>";
		};
		BE7FCE9728271AA8003F1D60 /* Frameworks */ = {
			isa = PBXGroup;
			children = (
				BE7FCE9828271AA8003F1D60 /* SDL2_image.framework */,
				BE7FCE9928271AA8003F1D60 /* SDL2.framework */,
			);
			name = Frameworks;
			sourceTree = "<group>";
		};
/* End PBXGroup section */

/* Begin PBXNativeTarget section */
		BE7FCE8C28271A8F003F1D60 /* SDL2-TowerDefense */ = {
			isa = PBXNativeTarget;
			buildConfigurationList = BE7FCE9428271A8F003F1D60 /* Build configuration list for PBXNativeTarget "SDL2-TowerDefense" */;
			buildPhases = (
				BE7FCE8928271A8F003F1D60 /* Sources */,
				BE7FCE8A28271A8F003F1D60 /* Frameworks */,
				BE7FCE8B28271A8F003F1D60 /* CopyFiles */,
			);
			buildRules = (
			);
			dependencies = (
			);
			name = "SDL2-TowerDefense";
			productName = "SDL2-TowerDefense";
			productReference = BE7FCE8D28271A8F003F1D60 /* SDL2-TowerDefense */;
			productType = "com.apple.product-type.tool";
		};
/* End PBXNativeTarget section */

/* Begin PBXProject section */
		BE7FCE8528271A8F003F1D60 /* Project object */ = {
			isa = PBXProject;
			attributes = {
				BuildIndependentTargetsInParallel = 1;
				LastUpgradeCheck = 1330;
				TargetAttributes = {
					BE7FCE8C28271A8F003F1D60 = {
						CreatedOnToolsVersion = 13.3;
					};
				};
			};
			buildConfigurationList = BE7FCE8828271A8F003F1D60 /* Build configuration list for PBXProject "SDL2-TowerDefense" */;
			compatibilityVersion = "Xcode 13.0";
			developmentRegion = en;
			hasScannedForEncodings = 0;
			knownRegions = (
				en,
				Base,
			);
			mainGroup = BE7FCE8428271A8F003F1D60;
			productRefGroup = BE7FCE8E28271A8F003F1D60 /* Products */;
			projectDirPath = "";
			projectRoot = "";
			targets = (
				BE7FCE8C28271A8F003F1D60 /* SDL2-TowerDefense */,
			);
		};
/* End PBXProject section */

/* Begin PBXSourcesBuildPhase section */
		BE7FCE8928271A8F003F1D60 /* Sources */ = {
			isa = PBXSourcesBuildPhase;
			buildActionMask = 2147483647;
			files = (
				BE7FCEA228271C51003F1D60 /* Log.cpp in Sources */,
				BEDEEC26282E3F9D00D2D00E /* ParticleSystem.cpp in Sources */,
				BE7FCEAC2827B557003F1D60 /* Utils.cpp in Sources */,
				BE7FCEB22827C79A003F1D60 /* Sprite.cpp in Sources */,
				BEDEEC2F282E925400D2D00E /* ParticleEffect.cpp in Sources */,
				BE7FCECB2827E3E0003F1D60 /* MoveableObject.cpp in Sources */,
				BEA62A0A282834B900DC2E97 /* Freeze.cpp in Sources */,
				BEDEEC36282EA47400D2D00E /* ParticleShotSmoke.cpp in Sources */,
				BE7FCEC22827DE0C003F1D60 /* Tile.cpp in Sources */,
				BEA62A01282831E100DC2E97 /* Turret.cpp in Sources */,
				BE7FCEB52827D842003F1D60 /* TimerCounter.cpp in Sources */,
				BE7FCEBF2827DDFD003F1D60 /* TileManager.cpp in Sources */,
				BE7FCECE2827F66C003F1D60 /* MazeSolver.cpp in Sources */,
				BEA629F528280EA400DC2E97 /* TankManager.cpp in Sources */,
				BEA629FE2828230500DC2E97 /* ButtonManager.cpp in Sources */,
				BEA629F828281B4900DC2E97 /* Button.cpp in Sources */,
				BE7FCEC82827E23A003F1D60 /* GameObject.cpp in Sources */,
				BEDEEC31282E989A00D2D00E /* ParticleTankExplosion.cpp in Sources */,
				BE7FCEC52827DE4B003F1D60 /* DamageableObject.cpp in Sources */,
				BEA62A102828351000DC2E97 /* TurretManager.cpp in Sources */,
				BEA629EC282804FF00DC2E97 /* LightTank.cpp in Sources */,
				BEDEEC3A282EABE500D2D00E /* Coin.cpp in Sources */,
				BE7FCE9128271A8F003F1D60 /* main.cpp in Sources */,
				BEDEEC38282EAA7800D2D00E /* Heart.cpp in Sources */,
				BEDEEC43282EFCF900D2D00E /* Player.cpp in Sources */,
				BE7FCEA92827B475003F1D60 /* Color.cpp in Sources */,
				BE7FCE9F28271AF2003F1D60 /* SDL.cpp in Sources */,
				BEAEE6762835840C00E41BDB /* Config.cpp in Sources */,
				BEA62A07282834AF00DC2E97 /* Firebird.cpp in Sources */,
				BEA62A042828327900DC2E97 /* ShootableObject.cpp in Sources */,
				BEA62A0D282834C100DC2E97 /* Smoky.cpp in Sources */,
				BEA629FB28281E5800DC2E97 /* TileTurret.cpp in Sources */,
				BE7FCED12827FE7E003F1D60 /* Tank.cpp in Sources */,
				BEA629EF2828050C00DC2E97 /* MediumTank.cpp in Sources */,
				BEDEEC29282E415300D2D00E /* ParticleFire.cpp in Sources */,
				BE7FCEAF2827B761003F1D60 /* Timer.cpp in Sources */,
				BEA629F22828051500DC2E97 /* HeavyTank.cpp in Sources */,
				BE7FCEA52827B2D3003F1D60 /* Window.cpp in Sources */,
				BEDEEC34282EA16E00D2D00E /* ParticleShotExplosion.cpp in Sources */,
				BE7FCEBC2827DBE2003F1D60 /* Game.cpp in Sources */,
				BEDEEC2C282E8E8200D2D00E /* ParticleFreeze.cpp in Sources */,
				BEDEEC40282EF90900D2D00E /* TabManager.cpp in Sources */,
			);
			runOnlyForDeploymentPostprocessing = 0;
		};
/* End PBXSourcesBuildPhase section */

/* Begin XCBuildConfiguration section */
		BE7FCE9228271A8F003F1D60 /* Debug */ = {
			isa = XCBuildConfiguration;
			buildSettings = {
				ALWAYS_SEARCH_USER_PATHS = NO;
				CLANG_ANALYZER_NONNULL = YES;
				CLANG_ANALYZER_NUMBER_OBJECT_CONVERSION = YES_AGGRESSIVE;
				CLANG_CXX_LANGUAGE_STANDARD = "gnu++17";
				CLANG_ENABLE_MODULES = YES;
				CLANG_ENABLE_OBJC_ARC = YES;
				CLANG_ENABLE_OBJC_WEAK = YES;
				CLANG_WARN_BLOCK_CAPTURE_AUTORELEASING = YES;
				CLANG_WARN_BOOL_CONVERSION = YES;
				CLANG_WARN_COMMA = YES;
				CLANG_WARN_CONSTANT_CONVERSION = YES;
				CLANG_WARN_DEPRECATED_OBJC_IMPLEMENTATIONS = YES;
				CLANG_WARN_DIRECT_OBJC_ISA_USAGE = YES_ERROR;
				CLANG_WARN_DOCUMENTATION_COMMENTS = YES;
				CLANG_WARN_EMPTY_BODY = YES;
				CLANG_WARN_ENUM_CONVERSION = YES;
				CLANG_WARN_INFINITE_RECURSION = YES;
				CLANG_WARN_INT_CONVERSION = YES;
				CLANG_WARN_NON_LITERAL_NULL_CONVERSION = YES;
				CLANG_WARN_OBJC_IMPLICIT_RETAIN_SELF = YES;
				CLANG_WARN_OBJC_LITERAL_CONVERSION = YES;
				CLANG_WARN_OBJC_ROOT_CLASS = YES_ERROR;
				CLANG_WARN_QUOTED_INCLUDE_IN_FRAMEWORK_HEADER = YES;
				CLANG_WARN_RANGE_LOOP_ANALYSIS = YES;
				CLANG_WARN_STRICT_PROTOTYPES = YES;
				CLANG_WARN_SUSPICIOUS_MOVE = YES;
				CLANG_WARN_UNGUARDED_AVAILABILITY = YES_AGGRESSIVE;
				CLANG_WARN_UNREACHABLE_CODE = YES;
				CLANG_WARN__DUPLICATE_METHOD_MATCH = YES;
				COPY_PHASE_STRIP = NO;
				DEBUG_INFORMATION_FORMAT = dwarf;
				ENABLE_STRICT_OBJC_MSGSEND = YES;
				ENABLE_TESTABILITY = YES;
				GCC_C_LANGUAGE_STANDARD = gnu11;
				GCC_DYNAMIC_NO_PIC = NO;
				GCC_NO_COMMON_BLOCKS = YES;
				GCC_OPTIMIZATION_LEVEL = 0;
				GCC_PREPROCESSOR_DEFINITIONS = (
					"DEBUG=1",
					"$(inherited)",
				);
				GCC_WARN_64_TO_32_BIT_CONVERSION = YES;
				GCC_WARN_ABOUT_RETURN_TYPE = YES_ERROR;
				GCC_WARN_UNDECLARED_SELECTOR = YES;
				GCC_WARN_UNINITIALIZED_AUTOS = YES_AGGRESSIVE;
				GCC_WARN_UNUSED_FUNCTION = YES;
				GCC_WARN_UNUSED_VARIABLE = YES;
				MACOSX_DEPLOYMENT_TARGET = 12.3;
				MTL_ENABLE_DEBUG_INFO = INCLUDE_SOURCE;
				MTL_FAST_MATH = YES;
				ONLY_ACTIVE_ARCH = YES;
				SDKROOT = macosx;
			};
			name = Debug;
		};
		BE7FCE9328271A8F003F1D60 /* Release */ = {
			isa = XCBuildConfiguration;
			buildSettings = {
				ALWAYS_SEARCH_USER_PATHS = NO;
				CLANG_ANALYZER_NONNULL = YES;
				CLANG_ANALYZER_NUMBER_OBJECT_CONVERSION = YES_AGGRESSIVE;
				CLANG_CXX_LANGUAGE_STANDARD = "gnu++17";
				CLANG_ENABLE_MODULES = YES;
				CLANG_ENABLE_OBJC_ARC = YES;
				CLANG_ENABLE_OBJC_WEAK = YES;
				CLANG_WARN_BLOCK_CAPTURE_AUTORELEASING = YES;
				CLANG_WARN_BOOL_CONVERSION = YES;
				CLANG_WARN_COMMA = YES;
				CLANG_WARN_CONSTANT_CONVERSION = YES;
				CLANG_WARN_DEPRECATED_OBJC_IMPLEMENTATIONS = YES;
				CLANG_WARN_DIRECT_OBJC_ISA_USAGE = YES_ERROR;
				CLANG_WARN_DOCUMENTATION_COMMENTS = YES;
				CLANG_WARN_EMPTY_BODY = YES;
				CLANG_WARN_ENUM_CONVERSION = YES;
				CLANG_WARN_INFINITE_RECURSION = YES;
				CLANG_WARN_INT_CONVERSION = YES;
				CLANG_WARN_NON_LITERAL_NULL_CONVERSION = YES;
				CLANG_WARN_OBJC_IMPLICIT_RETAIN_SELF = YES;
				CLANG_WARN_OBJC_LITERAL_CONVERSION = YES;
				CLANG_WARN_OBJC_ROOT_CLASS = YES_ERROR;
				CLANG_WARN_QUOTED_INCLUDE_IN_FRAMEWORK_HEADER = YES;
				CLANG_WARN_RANGE_LOOP_ANALYSIS = YES;
				CLANG_WARN_STRICT_PROTOTYPES = YES;
				CLANG_WARN_SUSPICIOUS_MOVE = YES;
				CLANG_WARN_UNGUARDED_AVAILABILITY = YES_AGGRESSIVE;
				CLANG_WARN_UNREACHABLE_CODE = YES;
				CLANG_WARN__DUPLICATE_METHOD_MATCH = YES;
				COPY_PHASE_STRIP = NO;
				DEBUG_INFORMATION_FORMAT = "dwarf-with-dsym";
				ENABLE_NS_ASSERTIONS = NO;
				ENABLE_STRICT_OBJC_MSGSEND = YES;
				GCC_C_LANGUAGE_STANDARD = gnu11;
				GCC_NO_COMMON_BLOCKS = YES;
				GCC_WARN_64_TO_32_BIT_CONVERSION = YES;
				GCC_WARN_ABOUT_RETURN_TYPE = YES_ERROR;
				GCC_WARN_UNDECLARED_SELECTOR = YES;
				GCC_WARN_UNINITIALIZED_AUTOS = YES_AGGRESSIVE;
				GCC_WARN_UNUSED_FUNCTION = YES;
				GCC_WARN_UNUSED_VARIABLE = YES;
				MACOSX_DEPLOYMENT_TARGET = 12.3;
				MTL_ENABLE_DEBUG_INFO = NO;
				MTL_FAST_MATH = YES;
				SDKROOT = macosx;
			};
			name = Release;
		};
		BE7FCE9528271A8F003F1D60 /* Debug */ = {
			isa = XCBuildConfiguration;
			buildSettings = {
				CODE_SIGN_STYLE = Automatic;
				FRAMEWORK_SEARCH_PATHS = (
					"$(inherited)",
					"$(LOCAL_LIBRARY_DIR)/Frameworks",
				);
				PRODUCT_NAME = "$(TARGET_NAME)";
			};
			name = Debug;
		};
		BE7FCE9628271A8F003F1D60 /* Release */ = {
			isa = XCBuildConfiguration;
			buildSettings = {
				CODE_SIGN_STYLE = Automatic;
				FRAMEWORK_SEARCH_PATHS = (
					"$(inherited)",
					"$(LOCAL_LIBRARY_DIR)/Frameworks",
				);
				PRODUCT_NAME = "$(TARGET_NAME)";
			};
			name = Release;
		};
/* End XCBuildConfiguration section */

/* Begin XCConfigurationList section */
		BE7FCE8828271A8F003F1D60 /* Build configuration list for PBXProject "SDL2-TowerDefense" */ = {
			isa = XCConfigurationList;
			buildConfigurations = (
				BE7FCE9228271A8F003F1D60 /* Debug */,
				BE7FCE9328271A8F003F1D60 /* Release */,
			);
			defaultConfigurationIsVisible = 0;
			defaultConfigurationName = Release;
		};
		BE7FCE9428271A8F003F1D60 /* Build configuration list for PBXNativeTarget "SDL2-TowerDefense" */ = {
			isa = XCConfigurationList;
			buildConfigurations = (
				BE7FCE9528271A8F003F1D60 /* Debug */,
				BE7FCE9628271A8F003F1D60 /* Release */,
			);
			defaultConfigurationIsVisible = 0;
			defaultConfigurationName = Release;
		};
/* End XCConfigurationList section */
	};
	rootObject = BE7FCE8528271A8F003F1D60 /* Project object */;
}
